// !$*UTF8*$!
{
	archiveVersion = 1;
	classes = {
	};
	objectVersion = 46;
	objects = {

/* Begin PBXBuildFile section */
		2B6F0D251EDEA33D0006A07F /* IOSMaioExtension.m in Sources */ = {isa = PBXBuildFile; fileRef = 2B6F0D241EDEA33D0006A07F /* IOSMaioExtension.m */; };
		2B6F0D2F1EDEACAA0006A07F /* Maio.framework in Frameworks */ = {isa = PBXBuildFile; fileRef = 2B6F0D2E1EDEACAA0006A07F /* Maio.framework */; };
		2B6F0D321EDEB3B20006A07F /* MaioAdobeAirDelegate.m in Sources */ = {isa = PBXBuildFile; fileRef = 2B6F0D311EDEB3B20006A07F /* MaioAdobeAirDelegate.m */; };
/* End PBXBuildFile section */

/* Begin PBXCopyFilesBuildPhase section */
		2B6F0D1E1EDEA33D0006A07F /* CopyFiles */ = {
			isa = PBXCopyFilesBuildPhase;
			buildActionMask = 2147483647;
			dstPath = "include/$(PRODUCT_NAME)";
			dstSubfolderSpec = 16;
			files = (
			);
			runOnlyForDeploymentPostprocessing = 0;
		};
/* End PBXCopyFilesBuildPhase section */

/* Begin PBXFileReference section */
		2B6F0D201EDEA33D0006A07F /* libIOSMaioExtension.a */ = {isa = PBXFileReference; explicitFileType = archive.ar; includeInIndex = 0; path = libIOSMaioExtension.a; sourceTree = BUILT_PRODUCTS_DIR; };
		2B6F0D241EDEA33D0006A07F /* IOSMaioExtension.m */ = {isa = PBXFileReference; lastKnownFileType = sourcecode.c.objc; path = IOSMaioExtension.m; sourceTree = "<group>"; };
		2B6F0D2C1EDEA3B30006A07F /* FlashRuntimeExtensions.h */ = {isa = PBXFileReference; lastKnownFileType = sourcecode.c.h; path = FlashRuntimeExtensions.h; sourceTree = "<group>"; };
		2B6F0D2E1EDEACAA0006A07F /* Maio.framework */ = {isa = PBXFileReference; lastKnownFileType = wrapper.framework; path = Maio.framework; sourceTree = "<group>"; };
		2B6F0D301EDEB3B20006A07F /* MaioAdobeAirDelegate.h */ = {isa = PBXFileReference; fileEncoding = 4; lastKnownFileType = sourcecode.c.h; path = MaioAdobeAirDelegate.h; sourceTree = "<group>"; };
		2B6F0D311EDEB3B20006A07F /* MaioAdobeAirDelegate.m */ = {isa = PBXFileReference; fileEncoding = 4; lastKnownFileType = sourcecode.c.objc; path = MaioAdobeAirDelegate.m; sourceTree = "<group>"; };
/* End PBXFileReference section */

/* Begin PBXFrameworksBuildPhase section */
		2B6F0D1D1EDEA33D0006A07F /* Frameworks */ = {
			isa = PBXFrameworksBuildPhase;
			buildActionMask = 2147483647;
			files = (
				2B6F0D2F1EDEACAA0006A07F /* Maio.framework in Frameworks */,
			);
			runOnlyForDeploymentPostprocessing = 0;
		};
/* End PBXFrameworksBuildPhase section */

/* Begin PBXGroup section */
		2B6F0D171EDEA33D0006A07F = {
			isa = PBXGroup;
			children = (
				2B6F0D2D1EDEA7AB0006A07F /* Frameworks */,
				2B6F0D221EDEA33D0006A07F /* IOSMaioExtension */,
				2B6F0D211EDEA33D0006A07F /* Products */,
			);
			sourceTree = "<group>";
		};
		2B6F0D211EDEA33D0006A07F /* Products */ = {
			isa = PBXGroup;
			children = (
				2B6F0D201EDEA33D0006A07F /* libIOSMaioExtension.a */,
			);
			name = Products;
			sourceTree = "<group>";
		};
		2B6F0D221EDEA33D0006A07F /* IOSMaioExtension */ = {
			isa = PBXGroup;
			children = (
				2B6F0D2C1EDEA3B30006A07F /* FlashRuntimeExtensions.h */,
				2B6F0D241EDEA33D0006A07F /* IOSMaioExtension.m */,
				2B6F0D301EDEB3B20006A07F /* MaioAdobeAirDelegate.h */,
				2B6F0D311EDEB3B20006A07F /* MaioAdobeAirDelegate.m */,
			);
			path = IOSMaioExtension;
			sourceTree = "<group>";
		};
		2B6F0D2D1EDEA7AB0006A07F /* Frameworks */ = {
			isa = PBXGroup;
			children = (
				2B6F0D2E1EDEACAA0006A07F /* Maio.framework */,
			);
			name = Frameworks;
			sourceTree = "<group>";
		};
/* End PBXGroup section */

/* Begin PBXNativeTarget section */
		2B6F0D1F1EDEA33D0006A07F /* IOSMaioExtension */ = {
			isa = PBXNativeTarget;
			buildConfigurationList = 2B6F0D291EDEA33D0006A07F /* Build configuration list for PBXNativeTarget "IOSMaioExtension" */;
			buildPhases = (
				2B6F0D1C1EDEA33D0006A07F /* Sources */,
				2B6F0D1D1EDEA33D0006A07F /* Frameworks */,
				2B6F0D1E1EDEA33D0006A07F /* CopyFiles */,
			);
			buildRules = (
			);
			dependencies = (
			);
			name = IOSMaioExtension;
			productName = IOSMaioExtension;
			productReference = 2B6F0D201EDEA33D0006A07F /* libIOSMaioExtension.a */;
			productType = "com.apple.product-type.library.static";
		};
/* End PBXNativeTarget section */

/* Begin PBXProject section */
		2B6F0D181EDEA33D0006A07F /* Project object */ = {
			isa = PBXProject;
			attributes = {
				LastUpgradeCheck = 0830;
				ORGANIZATIONNAME = maio;
				TargetAttributes = {
					2B6F0D1F1EDEA33D0006A07F = {
						CreatedOnToolsVersion = 8.3;
						DevelopmentTeam = V4NXQHLYQP;
						ProvisioningStyle = Automatic;
					};
				};
			};
			buildConfigurationList = 2B6F0D1B1EDEA33D0006A07F /* Build configuration list for PBXProject "IOSMaioExtension" */;
			compatibilityVersion = "Xcode 3.2";
			developmentRegion = English;
			hasScannedForEncodings = 0;
			knownRegions = (
				en,
			);
			mainGroup = 2B6F0D171EDEA33D0006A07F;
			productRefGroup = 2B6F0D211EDEA33D0006A07F /* Products */;
			projectDirPath = "";
			projectRoot = "";
			targets = (
				2B6F0D1F1EDEA33D0006A07F /* IOSMaioExtension */,
			);
		};
/* End PBXProject section */

/* Begin PBXSourcesBuildPhase section */
		2B6F0D1C1EDEA33D0006A07F /* Sources */ = {
			isa = PBXSourcesBuildPhase;
			buildActionMask = 2147483647;
			files = (
				2B6F0D251EDEA33D0006A07F /* IOSMaioExtension.m in Sources */,
				2B6F0D321EDEB3B20006A07F /* MaioAdobeAirDelegate.m in Sources */,
			);
			runOnlyForDeploymentPostprocessing = 0;
		};
/* End PBXSourcesBuildPhase section */

/* Begin XCBuildConfiguration section */
		2B6F0D271EDEA33D0006A07F /* Debug */ = {
			isa = XCBuildConfiguration;
			buildSettings = {
				ALWAYS_SEARCH_USER_PATHS = NO;
				CLANG_ANALYZER_NONNULL = YES;
				CLANG_ANALYZER_NUMBER_OBJECT_CONVERSION = YES_AGGRESSIVE;
				CLANG_CXX_LANGUAGE_STANDARD = "gnu++0x";
				CLANG_CXX_LIBRARY = "libc++";
				CLANG_ENABLE_MODULES = YES;
				CLANG_ENABLE_OBJC_ARC = YES;
				CLANG_WARN_BOOL_CONVERSION = YES;
				CLANG_WARN_CONSTANT_CONVERSION = YES;
				CLANG_WARN_DIRECT_OBJC_ISA_USAGE = YES_ERROR;
				CLANG_WARN_DOCUMENTATION_COMMENTS = YES;
				CLANG_WARN_EMPTY_BODY = YES;
				CLANG_WARN_ENUM_CONVERSION = YES;
				CLANG_WARN_INFINITE_RECURSION = YES;
				CLANG_WARN_INT_CONVERSION = YES;
				CLANG_WARN_OBJC_ROOT_CLASS = YES_ERROR;
				CLANG_WARN_SUSPICIOUS_MOVE = YES;
				CLANG_WARN_UNREACHABLE_CODE = YES;
				CLANG_WARN__DUPLICATE_METHOD_MATCH = YES;
				"CODE_SIGN_IDENTITY[sdk=iphoneos*]" = "iPhone Developer";
				COPY_PHASE_STRIP = NO;
				DEBUG_INFORMATION_FORMAT = dwarf;
				ENABLE_STRICT_OBJC_MSGSEND = YES;
				ENABLE_TESTABILITY = YES;
				GCC_C_LANGUAGE_STANDARD = gnu99;
				GCC_DYNAMIC_NO_PIC = NO;
				GCC_NO_COMMON_BLOCKS = YES;
				GCC_OPTIMIZATION_LEVEL = 0;
				GCC_PREPROCESSOR_DEFINITIONS = (
					"DEBUG=1",
					"$(inherited)",
				);
				GCC_WARN_64_TO_32_BIT_CONVERSION = YES;
				GCC_WARN_ABOUT_RETURN_TYPE = YES_ERROR;
				GCC_WARN_UNDECLARED_SELECTOR = YES;
				GCC_WARN_UNINITIALIZED_AUTOS = YES_AGGRESSIVE;
				GCC_WARN_UNUSED_FUNCTION = YES;
				GCC_WARN_UNUSED_VARIABLE = YES;
				IPHONEOS_DEPLOYMENT_TARGET = 6.0;
				MTL_ENABLE_DEBUG_INFO = YES;
				ONLY_ACTIVE_ARCH = YES;
				SDKROOT = iphoneos;
			};
			name = Debug;
		};
		2B6F0D281EDEA33D0006A07F /* Release */ = {
			isa = XCBuildConfiguration;
			buildSettings = {
				ALWAYS_SEARCH_USER_PATHS = NO;
				CLANG_ANALYZER_NONNULL = YES;
				CLANG_ANALYZER_NUMBER_OBJECT_CONVERSION = YES_AGGRESSIVE;
				CLANG_CXX_LANGUAGE_STANDARD = "gnu++0x";
				CLANG_CXX_LIBRARY = "libc++";
				CLANG_ENABLE_MODULES = YES;
				CLANG_ENABLE_OBJC_ARC = YES;
				CLANG_WARN_BOOL_CONVERSION = YES;
				CLANG_WARN_CONSTANT_CONVERSION = YES;
				CLANG_WARN_DIRECT_OBJC_ISA_USAGE = YES_ERROR;
				CLANG_WARN_DOCUMENTATION_COMMENTS = YES;
				CLANG_WARN_EMPTY_BODY = YES;
				CLANG_WARN_ENUM_CONVERSION = YES;
				CLANG_WARN_INFINITE_RECURSION = YES;
				CLANG_WARN_INT_CONVERSION = YES;
				CLANG_WARN_OBJC_ROOT_CLASS = YES_ERROR;
				CLANG_WARN_SUSPICIOUS_MOVE = YES;
				CLANG_WARN_UNREACHABLE_CODE = YES;
				CLANG_WARN__DUPLICATE_METHOD_MATCH = YES;
				"CODE_SIGN_IDENTITY[sdk=iphoneos*]" = "iPhone Developer";
				COPY_PHASE_STRIP = NO;
				DEBUG_INFORMATION_FORMAT = "dwarf-with-dsym";
				ENABLE_NS_ASSERTIONS = NO;
				ENABLE_STRICT_OBJC_MSGSEND = YES;
				GCC_C_LANGUAGE_STANDARD = gnu99;
				GCC_NO_COMMON_BLOCKS = YES;
				GCC_WARN_64_TO_32_BIT_CONVERSION = YES;
				GCC_WARN_ABOUT_RETURN_TYPE = YES_ERROR;
				GCC_WARN_UNDECLARED_SELECTOR = YES;
				GCC_WARN_UNINITIALIZED_AUTOS = YES_AGGRESSIVE;
				GCC_WARN_UNUSED_FUNCTION = YES;
				GCC_WARN_UNUSED_VARIABLE = YES;
				IPHONEOS_DEPLOYMENT_TARGET = 6.0;
				MTL_ENABLE_DEBUG_INFO = NO;
				SDKROOT = iphoneos;
				VALIDATE_PRODUCT = YES;
			};
			name = Release;
		};
		2B6F0D2A1EDEA33D0006A07F /* Debug */ = {
			isa = XCBuildConfiguration;
			buildSettings = {
				ARCHS = (
					"$(ARCHS_STANDARD)",
					armv7s,
				);
				CONFIGURATION_BUILD_DIR = "/Users/maio/Documents/workspace/_adobeAir/maio-adobe-air-plugin/Extension/IOSMaioExtension/IOSMaioExtension/build/debug";
				DEVELOPMENT_TEAM = V4NXQHLYQP;
				FRAMEWORK_SEARCH_PATHS = (
					"$(inherited)",
					"$(PROJECT_DIR)",
				);
				OTHER_LDFLAGS = "-ObjC";
				PRODUCT_NAME = "$(TARGET_NAME)";
				SKIP_INSTALL = YES;
			};
			name = Debug;
		};
		2B6F0D2B1EDEA33D0006A07F /* Release */ = {
			isa = XCBuildConfiguration;
			buildSettings = {
				ARCHS = (
					"$(ARCHS_STANDARD)",
					armv7s,
				);
				CONFIGURATION_BUILD_DIR = "/Users/maio/Documents/workspace/_adobeAir/maio-adobe-air-plugin/Extension/IOSMaioExtension/IOSMaioExtension/build/release";
				DEVELOPMENT_TEAM = V4NXQHLYQP;
				FRAMEWORK_SEARCH_PATHS = (
					"$(inherited)",
					"$(PROJECT_DIR)",
				);
				OTHER_LDFLAGS = "-ObjC";
				PRODUCT_NAME = "$(TARGET_NAME)";
				SKIP_INSTALL = YES;
			};
			name = Release;
		};
/* End XCBuildConfiguration section */

/* Begin XCConfigurationList section */
		2B6F0D1B1EDEA33D0006A07F /* Build configuration list for PBXProject "IOSMaioExtension" */ = {
			isa = XCConfigurationList;
			buildConfigurations = (
				2B6F0D271EDEA33D0006A07F /* Debug */,
				2B6F0D281EDEA33D0006A07F /* Release */,
			);
			defaultConfigurationIsVisible = 0;
			defaultConfigurationName = Release;
		};
		2B6F0D291EDEA33D0006A07F /* Build configuration list for PBXNativeTarget "IOSMaioExtension" */ = {
			isa = XCConfigurationList;
			buildConfigurations = (
				2B6F0D2A1EDEA33D0006A07F /* Debug */,
				2B6F0D2B1EDEA33D0006A07F /* Release */,
			);
			defaultConfigurationIsVisible = 0;
			defaultConfigurationName = Release;
		};
/* End XCConfigurationList section */
	};
	rootObject = 2B6F0D181EDEA33D0006A07F /* Project object */;
}
